
Microsoft Visual Studio Solution File, Format Version 12.00
# Visual Studio 15
VisualStudioVersion = 15.0.28307.329
MinimumVisualStudioVersion = 10.0.40219.1
Project("{FAE04EC0-301F-11D3-BF4B-00C04F79EFBC}") = "ConsoleApp1", "ConsoleApp1\ConsoleApp1.csproj", "{B547EAC8-A2F0-436F-8FEC-38ECA3A25FAC}"
EndProject
Global
	GlobalSection(SolutionConfigurationPlatforms) = preSolution
		Debug|Any CPU = Debug|Any CPU
		Release|Any CPU = Release|Any CPU
	EndGlobalSection
	GlobalSection(ProjectConfigurationPlatforms) = postSolution
		{B547EAC8-A2F0-436F-8FEC-38ECA3A25FAC}.Debug|Any CPU.ActiveCfg = Debug|Any CPU
		{B547EAC8-A2F0-436F-8FEC-38ECA3A25FAC}.Debug|Any CPU.Build.0 = Debug|Any CPU
		{B547EAC8-A2F0-436F-8FEC-38ECA3A25FAC}.Release|Any CPU.ActiveCfg = Release|Any CPU
		{B547EAC8-A2F0-436F-8FEC-38ECA3A25FAC}.Release|Any CPU.Build.0 = Release|Any CPU
	EndGlobalSection
	GlobalSection(SolutionProperties) = preSolution
		HideSolutionNode = FALSE
	EndGlobalSection
	GlobalSection(ExtensibilityGlobals) = postSolution
		SolutionGuid = {DFACE184-D74B-4E59-B25D-6D331E1494EA}
	EndGlobalSection
EndGlobal
